
Microsoft Visual Studio Solution File, Format Version 12.00
# Visual Studio Version 17
VisualStudioVersion = 17.5.33530.505
MinimumVisualStudioVersion = 10.0.40219.1
Project("{2150E333-8FDC-42A3-9474-1A3956D46DE8}") = "src", "src", "{51AF377F-3414-40E0-9BF3-19A1398CF28A}"
EndProject
Project("{FAE04EC0-301F-11D3-BF4B-00C04F79EFBC}") = "Greg.Xrm.Core", "src\Greg.Xrm.Core\Greg.Xrm.Core.csproj", "{1B125F62-8E7A-4D30-9CA4-8523493293E6}"
EndProject
Project("{FAE04EC0-301F-11D3-BF4B-00C04F79EFBC}") = "Greg.Xrm.EnvironmentComparer", "src\Greg.Xrm.EnvironmentComparer\Greg.Xrm.EnvironmentComparer.csproj", "{8813C1C5-239E-4621-95FC-2284A394BF38}"
EndProject
Project("{FAE04EC0-301F-11D3-BF4B-00C04F79EFBC}") = "Greg.Xrm.ConstantsExtractor", "src\Greg.Xrm.ConstantsExtractor\Greg.Xrm.ConstantsExtractor.csproj", "{6910A4AB-BD90-4A75-8CC5-AF82380F32A6}"
EndProject
Project("{2150E333-8FDC-42A3-9474-1A3956D46DE8}") = "Core", "Core", "{2254EC40-0083-4D86-A1AB-2B7F84FDEFE7}"
EndProject
Project("{FAE04EC0-301F-11D3-BF4B-00C04F79EFBC}") = "Greg.Xrm.EnvironmentSolutionsComparer", "src\Greg.Xrm.EnvironmentSolutionsComparer\Greg.Xrm.EnvironmentSolutionsComparer.csproj", "{3C768347-38FC-4A61-895B-D98AD142C851}"
EndProject
Project("{FAE04EC0-301F-11D3-BF4B-00C04F79EFBC}") = "Greg.Xrm.SolutionManager", "src\Greg.Xrm.SolutionManager\Greg.Xrm.SolutionManager.csproj", "{79AABC3D-8A60-43B5-BE5D-C9D67E8F17FC}"
EndProject
Project("{FAE04EC0-301F-11D3-BF4B-00C04F79EFBC}") = "Greg.Xrm.ModernThemeBuilder", "src\Greg.Xrm.ModernThemeBuilder\Greg.Xrm.ModernThemeBuilder.csproj", "{24033FE0-9931-4375-B707-6BAB75A53EB7}"
EndProject
Project("{FAE04EC0-301F-11D3-BF4B-00C04F79EFBC}") = "Greg.Xrm.DataModelWikiEditor", "src\Greg.Xrm.DataModelWikiEditor\Greg.Xrm.DataModelWikiEditor.csproj", "{2A1C6BF5-0DED-462F-861C-A070BFBE96C4}"
EndProject
Global
	GlobalSection(SolutionConfigurationPlatforms) = preSolution
		Debug|Any CPU = Debug|Any CPU
		Debug|x86 = Debug|x86
		Release|Any CPU = Release|Any CPU
		Release|x86 = Release|x86
	EndGlobalSection
	GlobalSection(ProjectConfigurationPlatforms) = postSolution
		{1B125F62-8E7A-4D30-9CA4-8523493293E6}.Debug|Any CPU.ActiveCfg = Debug|Any CPU
		{1B125F62-8E7A-4D30-9CA4-8523493293E6}.Debug|Any CPU.Build.0 = Debug|Any CPU
		{1B125F62-8E7A-4D30-9CA4-8523493293E6}.Debug|x86.ActiveCfg = Debug|Win32
		{1B125F62-8E7A-4D30-9CA4-8523493293E6}.Debug|x86.Build.0 = Debug|Win32
		{1B125F62-8E7A-4D30-9CA4-8523493293E6}.Release|Any CPU.ActiveCfg = Release|Any CPU
		{1B125F62-8E7A-4D30-9CA4-8523493293E6}.Release|Any CPU.Build.0 = Release|Any CPU
		{1B125F62-8E7A-4D30-9CA4-8523493293E6}.Release|x86.ActiveCfg = Release|Win32
		{1B125F62-8E7A-4D30-9CA4-8523493293E6}.Release|x86.Build.0 = Release|Win32
		{8813C1C5-239E-4621-95FC-2284A394BF38}.Debug|Any CPU.ActiveCfg = Debug|Any CPU
		{8813C1C5-239E-4621-95FC-2284A394BF38}.Debug|Any CPU.Build.0 = Debug|Any CPU
		{8813C1C5-239E-4621-95FC-2284A394BF38}.Debug|x86.ActiveCfg = Debug|Win32
		{8813C1C5-239E-4621-95FC-2284A394BF38}.Debug|x86.Build.0 = Debug|Win32
		{8813C1C5-239E-4621-95FC-2284A394BF38}.Release|Any CPU.ActiveCfg = Release|Any CPU
		{8813C1C5-239E-4621-95FC-2284A394BF38}.Release|Any CPU.Build.0 = Release|Any CPU
		{8813C1C5-239E-4621-95FC-2284A394BF38}.Release|x86.ActiveCfg = Release|Win32
		{8813C1C5-239E-4621-95FC-2284A394BF38}.Release|x86.Build.0 = Release|Win32
		{6910A4AB-BD90-4A75-8CC5-AF82380F32A6}.Debug|Any CPU.ActiveCfg = Debug|Any CPU
		{6910A4AB-BD90-4A75-8CC5-AF82380F32A6}.Debug|Any CPU.Build.0 = Debug|Any CPU
		{6910A4AB-BD90-4A75-8CC5-AF82380F32A6}.Debug|x86.ActiveCfg = Debug|Any CPU
		{6910A4AB-BD90-4A75-8CC5-AF82380F32A6}.Debug|x86.Build.0 = Debug|Any CPU
		{6910A4AB-BD90-4A75-8CC5-AF82380F32A6}.Release|Any CPU.ActiveCfg = Release|Any CPU
		{6910A4AB-BD90-4A75-8CC5-AF82380F32A6}.Release|Any CPU.Build.0 = Release|Any CPU
		{6910A4AB-BD90-4A75-8CC5-AF82380F32A6}.Release|x86.ActiveCfg = Release|Any CPU
		{6910A4AB-BD90-4A75-8CC5-AF82380F32A6}.Release|x86.Build.0 = Release|Any CPU
		{3C768347-38FC-4A61-895B-D98AD142C851}.Debug|Any CPU.ActiveCfg = Debug|Any CPU
		{3C768347-38FC-4A61-895B-D98AD142C851}.Debug|Any CPU.Build.0 = Debug|Any CPU
		{3C768347-38FC-4A61-895B-D98AD142C851}.Debug|x86.ActiveCfg = Debug|Any CPU
		{3C768347-38FC-4A61-895B-D98AD142C851}.Debug|x86.Build.0 = Debug|Any CPU
		{3C768347-38FC-4A61-895B-D98AD142C851}.Release|Any CPU.ActiveCfg = Release|Any CPU
		{3C768347-38FC-4A61-895B-D98AD142C851}.Release|Any CPU.Build.0 = Release|Any CPU
		{3C768347-38FC-4A61-895B-D98AD142C851}.Release|x86.ActiveCfg = Release|Any CPU
		{3C768347-38FC-4A61-895B-D98AD142C851}.Release|x86.Build.0 = Release|Any CPU
		{79AABC3D-8A60-43B5-BE5D-C9D67E8F17FC}.Debug|Any CPU.ActiveCfg = Debug|Any CPU
		{79AABC3D-8A60-43B5-BE5D-C9D67E8F17FC}.Debug|Any CPU.Build.0 = Debug|Any CPU
		{79AABC3D-8A60-43B5-BE5D-C9D67E8F17FC}.Debug|x86.ActiveCfg = Debug|Any CPU
		{79AABC3D-8A60-43B5-BE5D-C9D67E8F17FC}.Debug|x86.Build.0 = Debug|Any CPU
		{79AABC3D-8A60-43B5-BE5D-C9D67E8F17FC}.Release|Any CPU.ActiveCfg = Release|Any CPU
		{79AABC3D-8A60-43B5-BE5D-C9D67E8F17FC}.Release|Any CPU.Build.0 = Release|Any CPU
		{79AABC3D-8A60-43B5-BE5D-C9D67E8F17FC}.Release|x86.ActiveCfg = Release|Any CPU
		{79AABC3D-8A60-43B5-BE5D-C9D67E8F17FC}.Release|x86.Build.0 = Release|Any CPU
		{24033FE0-9931-4375-B707-6BAB75A53EB7}.Debug|Any CPU.ActiveCfg = Debug|Any CPU
		{24033FE0-9931-4375-B707-6BAB75A53EB7}.Debug|Any CPU.Build.0 = Debug|Any CPU
		{24033FE0-9931-4375-B707-6BAB75A53EB7}.Debug|x86.ActiveCfg = Debug|Win32
		{24033FE0-9931-4375-B707-6BAB75A53EB7}.Debug|x86.Build.0 = Debug|Win32
		{24033FE0-9931-4375-B707-6BAB75A53EB7}.Release|Any CPU.ActiveCfg = Release|Any CPU
		{24033FE0-9931-4375-B707-6BAB75A53EB7}.Release|Any CPU.Build.0 = Release|Any CPU
		{24033FE0-9931-4375-B707-6BAB75A53EB7}.Release|x86.ActiveCfg = Release|Win32
		{24033FE0-9931-4375-B707-6BAB75A53EB7}.Release|x86.Build.0 = Release|Win32
		{2A1C6BF5-0DED-462F-861C-A070BFBE96C4}.Debug|Any CPU.ActiveCfg = Debug|Any CPU
		{2A1C6BF5-0DED-462F-861C-A070BFBE96C4}.Debug|Any CPU.Build.0 = Debug|Any CPU
		{2A1C6BF5-0DED-462F-861C-A070BFBE96C4}.Debug|x86.ActiveCfg = Debug|Any CPU
		{2A1C6BF5-0DED-462F-861C-A070BFBE96C4}.Debug|x86.Build.0 = Debug|Any CPU
		{2A1C6BF5-0DED-462F-861C-A070BFBE96C4}.Release|Any CPU.ActiveCfg = Release|Any CPU
		{2A1C6BF5-0DED-462F-861C-A070BFBE96C4}.Release|Any CPU.Build.0 = Release|Any CPU
		{2A1C6BF5-0DED-462F-861C-A070BFBE96C4}.Release|x86.ActiveCfg = Release|Any CPU
		{2A1C6BF5-0DED-462F-861C-A070BFBE96C4}.Release|x86.Build.0 = Release|Any CPU
	EndGlobalSection
	GlobalSection(SolutionProperties) = preSolution
		HideSolutionNode = FALSE
	EndGlobalSection
	GlobalSection(NestedProjects) = preSolution
		{1B125F62-8E7A-4D30-9CA4-8523493293E6} = {2254EC40-0083-4D86-A1AB-2B7F84FDEFE7}
		{8813C1C5-239E-4621-95FC-2284A394BF38} = {51AF377F-3414-40E0-9BF3-19A1398CF28A}
		{6910A4AB-BD90-4A75-8CC5-AF82380F32A6} = {51AF377F-3414-40E0-9BF3-19A1398CF28A}
		{2254EC40-0083-4D86-A1AB-2B7F84FDEFE7} = {51AF377F-3414-40E0-9BF3-19A1398CF28A}
		{3C768347-38FC-4A61-895B-D98AD142C851} = {51AF377F-3414-40E0-9BF3-19A1398CF28A}
		{79AABC3D-8A60-43B5-BE5D-C9D67E8F17FC} = {51AF377F-3414-40E0-9BF3-19A1398CF28A}
		{24033FE0-9931-4375-B707-6BAB75A53EB7} = {51AF377F-3414-40E0-9BF3-19A1398CF28A}
		{2A1C6BF5-0DED-462F-861C-A070BFBE96C4} = {51AF377F-3414-40E0-9BF3-19A1398CF28A}
	EndGlobalSection
	GlobalSection(ExtensibilityGlobals) = postSolution
		SolutionGuid = {2C7B6DCA-210B-47EC-B706-55A40A1EC2C5}
	EndGlobalSection
EndGlobal
