
Microsoft Visual Studio Solution File, Format Version 12.00
# Visual Studio Version 17
VisualStudioVersion = 17.0.32126.317
MinimumVisualStudioVersion = 10.0.40219.1
Project("{9A19103F-16F7-4668-BE54-9A1E7A4F7556}") = "Greg.Xrm.EnvironmentComparer", "src\Greg.Xrm.EnvironmentComparer\Greg.Xrm.EnvironmentComparer.csproj", "{B141DF81-3EC3-436E-9296-DE77112728FD}"
EndProject
Project("{9A19103F-16F7-4668-BE54-9A1E7A4F7556}") = "Greg.Xrm.Core", "src\Greg.Xrm.Core\Greg.Xrm.Core.csproj", "{9C7332E0-72E6-4417-BA22-0A5E6E031F55}"
EndProject
Project("{9A19103F-16F7-4668-BE54-9A1E7A4F7556}") = "Greg.Xrm.SolutionManager", "src\Greg.Xrm.SolutionManager\Greg.Xrm.SolutionManager.csproj", "{D6BD388B-5612-45F6-A128-B79D98A96D0C}"
EndProject
Project("{2150E333-8FDC-42A3-9474-1A3956D46DE8}") = "Solution Items", "Solution Items", "{3420A34D-81CD-4211-B5B9-DD8AC539CE57}"
	ProjectSection(SolutionItems) = preProject
		azure-pipelines.yml = azure-pipelines.yml
		src\Greg.Xrm.Version.props = src\Greg.Xrm.Version.props
		README.md = README.md
	EndProjectSection
EndProject
Project("{9A19103F-16F7-4668-BE54-9A1E7A4F7556}") = "Greg.Xrm.DataModelWikiEditor", "src\Greg.Xrm.DataModelWikiEditor\Greg.Xrm.DataModelWikiEditor.csproj", "{C94A181E-353A-48DA-BBFF-CCDF0DEC2AD6}"
EndProject
Project("{9A19103F-16F7-4668-BE54-9A1E7A4F7556}") = "Greg.Xrm.EnvironmentSolutionsComparer", "src\Greg.Xrm.EnvironmentSolutionsComparer\Greg.Xrm.EnvironmentSolutionsComparer.csproj", "{41C40781-B61B-4DBB-8BBF-01D0562D389B}"
EndProject
Project("{2150E333-8FDC-42A3-9474-1A3956D46DE8}") = "Template", "Template", "{18E60EB5-4EDF-46BD-AC78-940351BDC0FC}"
EndProject
Project("{9A19103F-16F7-4668-BE54-9A1E7A4F7556}") = "Greg.Xrm.Template", "src\Greg.Xrm.Template\Greg.Xrm.Template.csproj", "{CA2E81BC-BCD6-44D1-931D-C84C8C63D751}"
EndProject
Project("{9A19103F-16F7-4668-BE54-9A1E7A4F7556}") = "Greg.Xrm.ConstantsExtractor", "src\Greg.Xrm.ConstantsExtractor\Greg.Xrm.ConstantsExtractor.csproj", "{24B2B353-7154-4381-9D09-30C44FB89C77}"
EndProject
Global
	GlobalSection(SolutionConfigurationPlatforms) = preSolution
		Debug|Any CPU = Debug|Any CPU
		Release|Any CPU = Release|Any CPU
	EndGlobalSection
	GlobalSection(ProjectConfigurationPlatforms) = postSolution
		{B141DF81-3EC3-436E-9296-DE77112728FD}.Debug|Any CPU.ActiveCfg = Debug|Any CPU
		{B141DF81-3EC3-436E-9296-DE77112728FD}.Debug|Any CPU.Build.0 = Debug|Any CPU
		{B141DF81-3EC3-436E-9296-DE77112728FD}.Release|Any CPU.ActiveCfg = Release|Any CPU
		{B141DF81-3EC3-436E-9296-DE77112728FD}.Release|Any CPU.Build.0 = Release|Any CPU
		{9C7332E0-72E6-4417-BA22-0A5E6E031F55}.Debug|Any CPU.ActiveCfg = Debug|Any CPU
		{9C7332E0-72E6-4417-BA22-0A5E6E031F55}.Debug|Any CPU.Build.0 = Debug|Any CPU
		{9C7332E0-72E6-4417-BA22-0A5E6E031F55}.Release|Any CPU.ActiveCfg = Release|Any CPU
		{9C7332E0-72E6-4417-BA22-0A5E6E031F55}.Release|Any CPU.Build.0 = Release|Any CPU
		{D6BD388B-5612-45F6-A128-B79D98A96D0C}.Debug|Any CPU.ActiveCfg = Debug|Any CPU
		{D6BD388B-5612-45F6-A128-B79D98A96D0C}.Debug|Any CPU.Build.0 = Debug|Any CPU
		{D6BD388B-5612-45F6-A128-B79D98A96D0C}.Release|Any CPU.ActiveCfg = Release|Any CPU
		{D6BD388B-5612-45F6-A128-B79D98A96D0C}.Release|Any CPU.Build.0 = Release|Any CPU
		{C94A181E-353A-48DA-BBFF-CCDF0DEC2AD6}.Debug|Any CPU.ActiveCfg = Debug|Any CPU
		{C94A181E-353A-48DA-BBFF-CCDF0DEC2AD6}.Debug|Any CPU.Build.0 = Debug|Any CPU
		{C94A181E-353A-48DA-BBFF-CCDF0DEC2AD6}.Release|Any CPU.ActiveCfg = Release|Any CPU
		{C94A181E-353A-48DA-BBFF-CCDF0DEC2AD6}.Release|Any CPU.Build.0 = Release|Any CPU
		{41C40781-B61B-4DBB-8BBF-01D0562D389B}.Debug|Any CPU.ActiveCfg = Debug|Any CPU
		{41C40781-B61B-4DBB-8BBF-01D0562D389B}.Debug|Any CPU.Build.0 = Debug|Any CPU
		{41C40781-B61B-4DBB-8BBF-01D0562D389B}.Release|Any CPU.ActiveCfg = Release|Any CPU
		{41C40781-B61B-4DBB-8BBF-01D0562D389B}.Release|Any CPU.Build.0 = Release|Any CPU
		{CA2E81BC-BCD6-44D1-931D-C84C8C63D751}.Debug|Any CPU.ActiveCfg = Debug|Any CPU
		{CA2E81BC-BCD6-44D1-931D-C84C8C63D751}.Debug|Any CPU.Build.0 = Debug|Any CPU
		{CA2E81BC-BCD6-44D1-931D-C84C8C63D751}.Release|Any CPU.ActiveCfg = Release|Any CPU
		{CA2E81BC-BCD6-44D1-931D-C84C8C63D751}.Release|Any CPU.Build.0 = Release|Any CPU
		{24B2B353-7154-4381-9D09-30C44FB89C77}.Debug|Any CPU.ActiveCfg = Debug|Any CPU
		{24B2B353-7154-4381-9D09-30C44FB89C77}.Debug|Any CPU.Build.0 = Debug|Any CPU
		{24B2B353-7154-4381-9D09-30C44FB89C77}.Release|Any CPU.ActiveCfg = Release|Any CPU
		{24B2B353-7154-4381-9D09-30C44FB89C77}.Release|Any CPU.Build.0 = Release|Any CPU
	EndGlobalSection
	GlobalSection(SolutionProperties) = preSolution
		HideSolutionNode = FALSE
	EndGlobalSection
	GlobalSection(NestedProjects) = preSolution
		{CA2E81BC-BCD6-44D1-931D-C84C8C63D751} = {18E60EB5-4EDF-46BD-AC78-940351BDC0FC}
	EndGlobalSection
	GlobalSection(ExtensibilityGlobals) = postSolution
		SolutionGuid = {6AB54CAB-36CF-4E43-A096-B3787C606202}
	EndGlobalSection
EndGlobal
